
Microsoft Visual Studio Solution File, Format Version 12.00
# Visual Studio Version 16
VisualStudioVersion = 16.0.29911.84
MinimumVisualStudioVersion = 10.0.40219.1
Project("{8BC9CEB8-8B4A-11D0-8D11-00A0C91BC942}") = "LabProject00", "LabProject00\LabProject00.vcxproj", "{0B643F8E-1FC7-4EC5-8690-42E8FD89ED74}"
EndProject
Project("{8BC9CEB8-8B4A-11D0-8D11-00A0C91BC942}") = "LabProject02", "LabProject02\LabProject02.vcxproj", "{945AD062-B62F-4E9D-98A1-E347D0DDA847}"
EndProject
Project("{8BC9CEB8-8B4A-11D0-8D11-00A0C91BC942}") = "LabProject02-1", "LabProject02-1\LabProject02-1.vcxproj", "{8663FAC2-24B3-4BAA-B718-642194F1C5CC}"
EndProject
Project("{8BC9CEB8-8B4A-11D0-8D11-00A0C91BC942}") = "LabProject01", "LabProject01\LabProject.vcxproj", "{EE18299B-05F9-4236-8D11-55BEA6E6E8FE}"
EndProject
Project("{8BC9CEB8-8B4A-11D0-8D11-00A0C91BC942}") = "LabProject03", "LabProject03\LabProject03.vcxproj", "{EFFCBC13-2928-4717-A75D-CFB01802808A}"
EndProject
Project("{8BC9CEB8-8B4A-11D0-8D11-00A0C91BC942}") = "LabProject04", "LabProject04\LabProject04.vcxproj", "{AA70B8D6-420E-47B0-9410-C5632493E001}"
EndProject
Project("{8BC9CEB8-8B4A-11D0-8D11-00A0C91BC942}") = "LabProject05", "LabProject05\LabProject05.vcxproj", "{01AA8E53-4FD5-490A-91F9-F64B891DBBE6}"
EndProject
Project("{8BC9CEB8-8B4A-11D0-8D11-00A0C91BC942}") = "LabProject06", "LabProject06\LabProject06.vcxproj", "{2DFE8353-C82D-4F1C-ACB4-89D49E95A86B}"
EndProject
Project("{8BC9CEB8-8B4A-11D0-8D11-00A0C91BC942}") = "LabProject07", "LabProject07\LabProject07.vcxproj", "{10B0AB0F-E651-4315-8063-F1348C7CCAB1}"
EndProject
Project("{8BC9CEB8-8B4A-11D0-8D11-00A0C91BC942}") = "LabProject08", "LabProject08\LabProject08.vcxproj", "{37071E63-4EBC-464D-86F2-1FAB929F6506}"
EndProject
Project("{8BC9CEB8-8B4A-11D0-8D11-00A0C91BC942}") = "LabProject09", "LabProject09\LabProject09.vcxproj", "{F26031F6-8544-4E62-A3BF-7EF378FF032C}"
EndProject
Project("{8BC9CEB8-8B4A-11D0-8D11-00A0C91BC942}") = "LabProject10", "LabProject10\LabProject10.vcxproj", "{009B0DD7-FCCC-4844-AA82-0259BB61692E}"
EndProject
Project("{8BC9CEB8-8B4A-11D0-8D11-00A0C91BC942}") = "LabProject11", "LabProject11\LabProject11.vcxproj", "{7B9BECA2-8073-4A8A-989B-E47F12C40A0B}"
EndProject
Project("{8BC9CEB8-8B4A-11D0-8D11-00A0C91BC942}") = "LabProject12", "LabProject12\LabProject12.vcxproj", "{A8DC892E-5391-4C7B-9105-B446AA901D9C}"
EndProject
Project("{8BC9CEB8-8B4A-11D0-8D11-00A0C91BC942}") = "LabProject13", "LabProject13\LabProject13.vcxproj", "{F1735813-8A04-4AD8-8268-236B89CDE28B}"
EndProject
Project("{8BC9CEB8-8B4A-11D0-8D11-00A0C91BC942}") = "LabProject14", "LabProject14\LabProject14.vcxproj", "{ECB440E4-3851-4BAF-BE01-1C41864DFE91}"
EndProject
Project("{8BC9CEB8-8B4A-11D0-8D11-00A0C91BC942}") = "LabProject15", "LabProject15\LabProject15.vcxproj", "{1914B6AF-6856-4A83-BEEE-9BE7578A07CC}"
EndProject
Project("{8BC9CEB8-8B4A-11D0-8D11-00A0C91BC942}") = "LabProject16", "LabProject16\LabProject16.vcxproj", "{5093035B-D05F-45B1-A774-932F6ACC1D69}"
EndProject
Global
	GlobalSection(SolutionConfigurationPlatforms) = preSolution
		Debug|x64 = Debug|x64
		Debug|x86 = Debug|x86
		Release|x64 = Release|x64
		Release|x86 = Release|x86
	EndGlobalSection
	GlobalSection(ProjectConfigurationPlatforms) = postSolution
		{0B643F8E-1FC7-4EC5-8690-42E8FD89ED74}.Debug|x64.ActiveCfg = Debug|x64
		{0B643F8E-1FC7-4EC5-8690-42E8FD89ED74}.Debug|x64.Build.0 = Debug|x64
		{0B643F8E-1FC7-4EC5-8690-42E8FD89ED74}.Debug|x86.ActiveCfg = Debug|Win32
		{0B643F8E-1FC7-4EC5-8690-42E8FD89ED74}.Debug|x86.Build.0 = Debug|Win32
		{0B643F8E-1FC7-4EC5-8690-42E8FD89ED74}.Release|x64.ActiveCfg = Release|x64
		{0B643F8E-1FC7-4EC5-8690-42E8FD89ED74}.Release|x64.Build.0 = Release|x64
		{0B643F8E-1FC7-4EC5-8690-42E8FD89ED74}.Release|x86.ActiveCfg = Release|Win32
		{0B643F8E-1FC7-4EC5-8690-42E8FD89ED74}.Release|x86.Build.0 = Release|Win32
		{945AD062-B62F-4E9D-98A1-E347D0DDA847}.Debug|x64.ActiveCfg = Debug|x64
		{945AD062-B62F-4E9D-98A1-E347D0DDA847}.Debug|x64.Build.0 = Debug|x64
		{945AD062-B62F-4E9D-98A1-E347D0DDA847}.Debug|x86.ActiveCfg = Debug|Win32
		{945AD062-B62F-4E9D-98A1-E347D0DDA847}.Debug|x86.Build.0 = Debug|Win32
		{945AD062-B62F-4E9D-98A1-E347D0DDA847}.Release|x64.ActiveCfg = Release|x64
		{945AD062-B62F-4E9D-98A1-E347D0DDA847}.Release|x64.Build.0 = Release|x64
		{945AD062-B62F-4E9D-98A1-E347D0DDA847}.Release|x86.ActiveCfg = Release|Win32
		{945AD062-B62F-4E9D-98A1-E347D0DDA847}.Release|x86.Build.0 = Release|Win32
		{8663FAC2-24B3-4BAA-B718-642194F1C5CC}.Debug|x64.ActiveCfg = Debug|x64
		{8663FAC2-24B3-4BAA-B718-642194F1C5CC}.Debug|x64.Build.0 = Debug|x64
		{8663FAC2-24B3-4BAA-B718-642194F1C5CC}.Debug|x86.ActiveCfg = Debug|Win32
		{8663FAC2-24B3-4BAA-B718-642194F1C5CC}.Debug|x86.Build.0 = Debug|Win32
		{8663FAC2-24B3-4BAA-B718-642194F1C5CC}.Release|x64.ActiveCfg = Release|x64
		{8663FAC2-24B3-4BAA-B718-642194F1C5CC}.Release|x64.Build.0 = Release|x64
		{8663FAC2-24B3-4BAA-B718-642194F1C5CC}.Release|x86.ActiveCfg = Release|Win32
		{8663FAC2-24B3-4BAA-B718-642194F1C5CC}.Release|x86.Build.0 = Release|Win32
		{EE18299B-05F9-4236-8D11-55BEA6E6E8FE}.Debug|x64.ActiveCfg = Debug|x64
		{EE18299B-05F9-4236-8D11-55BEA6E6E8FE}.Debug|x64.Build.0 = Debug|x64
		{EE18299B-05F9-4236-8D11-55BEA6E6E8FE}.Debug|x86.ActiveCfg = Debug|Win32
		{EE18299B-05F9-4236-8D11-55BEA6E6E8FE}.Debug|x86.Build.0 = Debug|Win32
		{EE18299B-05F9-4236-8D11-55BEA6E6E8FE}.Release|x64.ActiveCfg = Release|x64
		{EE18299B-05F9-4236-8D11-55BEA6E6E8FE}.Release|x64.Build.0 = Release|x64
		{EE18299B-05F9-4236-8D11-55BEA6E6E8FE}.Release|x86.ActiveCfg = Release|Win32
		{EE18299B-05F9-4236-8D11-55BEA6E6E8FE}.Release|x86.Build.0 = Release|Win32
		{EFFCBC13-2928-4717-A75D-CFB01802808A}.Debug|x64.ActiveCfg = Debug|x64
		{EFFCBC13-2928-4717-A75D-CFB01802808A}.Debug|x64.Build.0 = Debug|x64
		{EFFCBC13-2928-4717-A75D-CFB01802808A}.Debug|x86.ActiveCfg = Debug|Win32
		{EFFCBC13-2928-4717-A75D-CFB01802808A}.Debug|x86.Build.0 = Debug|Win32
		{EFFCBC13-2928-4717-A75D-CFB01802808A}.Release|x64.ActiveCfg = Release|x64
		{EFFCBC13-2928-4717-A75D-CFB01802808A}.Release|x64.Build.0 = Release|x64
		{EFFCBC13-2928-4717-A75D-CFB01802808A}.Release|x86.ActiveCfg = Release|Win32
		{EFFCBC13-2928-4717-A75D-CFB01802808A}.Release|x86.Build.0 = Release|Win32
		{AA70B8D6-420E-47B0-9410-C5632493E001}.Debug|x64.ActiveCfg = Debug|x64
		{AA70B8D6-420E-47B0-9410-C5632493E001}.Debug|x64.Build.0 = Debug|x64
		{AA70B8D6-420E-47B0-9410-C5632493E001}.Debug|x86.ActiveCfg = Debug|Win32
		{AA70B8D6-420E-47B0-9410-C5632493E001}.Debug|x86.Build.0 = Debug|Win32
		{AA70B8D6-420E-47B0-9410-C5632493E001}.Release|x64.ActiveCfg = Release|x64
		{AA70B8D6-420E-47B0-9410-C5632493E001}.Release|x64.Build.0 = Release|x64
		{AA70B8D6-420E-47B0-9410-C5632493E001}.Release|x86.ActiveCfg = Release|Win32
		{AA70B8D6-420E-47B0-9410-C5632493E001}.Release|x86.Build.0 = Release|Win32
		{01AA8E53-4FD5-490A-91F9-F64B891DBBE6}.Debug|x64.ActiveCfg = Debug|x64
		{01AA8E53-4FD5-490A-91F9-F64B891DBBE6}.Debug|x64.Build.0 = Debug|x64
		{01AA8E53-4FD5-490A-91F9-F64B891DBBE6}.Debug|x86.ActiveCfg = Debug|Win32
		{01AA8E53-4FD5-490A-91F9-F64B891DBBE6}.Debug|x86.Build.0 = Debug|Win32
		{01AA8E53-4FD5-490A-91F9-F64B891DBBE6}.Release|x64.ActiveCfg = Release|x64
		{01AA8E53-4FD5-490A-91F9-F64B891DBBE6}.Release|x64.Build.0 = Release|x64
		{01AA8E53-4FD5-490A-91F9-F64B891DBBE6}.Release|x86.ActiveCfg = Release|Win32
		{01AA8E53-4FD5-490A-91F9-F64B891DBBE6}.Release|x86.Build.0 = Release|Win32
		{2DFE8353-C82D-4F1C-ACB4-89D49E95A86B}.Debug|x64.ActiveCfg = Debug|x64
		{2DFE8353-C82D-4F1C-ACB4-89D49E95A86B}.Debug|x64.Build.0 = Debug|x64
		{2DFE8353-C82D-4F1C-ACB4-89D49E95A86B}.Debug|x86.ActiveCfg = Debug|Win32
		{2DFE8353-C82D-4F1C-ACB4-89D49E95A86B}.Debug|x86.Build.0 = Debug|Win32
		{2DFE8353-C82D-4F1C-ACB4-89D49E95A86B}.Release|x64.ActiveCfg = Release|x64
		{2DFE8353-C82D-4F1C-ACB4-89D49E95A86B}.Release|x64.Build.0 = Release|x64
		{2DFE8353-C82D-4F1C-ACB4-89D49E95A86B}.Release|x86.ActiveCfg = Release|Win32
		{2DFE8353-C82D-4F1C-ACB4-89D49E95A86B}.Release|x86.Build.0 = Release|Win32
		{10B0AB0F-E651-4315-8063-F1348C7CCAB1}.Debug|x64.ActiveCfg = Debug|x64
		{10B0AB0F-E651-4315-8063-F1348C7CCAB1}.Debug|x64.Build.0 = Debug|x64
		{10B0AB0F-E651-4315-8063-F1348C7CCAB1}.Debug|x86.ActiveCfg = Debug|Win32
		{10B0AB0F-E651-4315-8063-F1348C7CCAB1}.Debug|x86.Build.0 = Debug|Win32
		{10B0AB0F-E651-4315-8063-F1348C7CCAB1}.Release|x64.ActiveCfg = Release|x64
		{10B0AB0F-E651-4315-8063-F1348C7CCAB1}.Release|x64.Build.0 = Release|x64
		{10B0AB0F-E651-4315-8063-F1348C7CCAB1}.Release|x86.ActiveCfg = Release|Win32
		{10B0AB0F-E651-4315-8063-F1348C7CCAB1}.Release|x86.Build.0 = Release|Win32
		{37071E63-4EBC-464D-86F2-1FAB929F6506}.Debug|x64.ActiveCfg = Debug|x64
		{37071E63-4EBC-464D-86F2-1FAB929F6506}.Debug|x64.Build.0 = Debug|x64
		{37071E63-4EBC-464D-86F2-1FAB929F6506}.Debug|x86.ActiveCfg = Debug|Win32
		{37071E63-4EBC-464D-86F2-1FAB929F6506}.Debug|x86.Build.0 = Debug|Win32
		{37071E63-4EBC-464D-86F2-1FAB929F6506}.Release|x64.ActiveCfg = Release|x64
		{37071E63-4EBC-464D-86F2-1FAB929F6506}.Release|x64.Build.0 = Release|x64
		{37071E63-4EBC-464D-86F2-1FAB929F6506}.Release|x86.ActiveCfg = Release|Win32
		{37071E63-4EBC-464D-86F2-1FAB929F6506}.Release|x86.Build.0 = Release|Win32
		{F26031F6-8544-4E62-A3BF-7EF378FF032C}.Debug|x64.ActiveCfg = Debug|x64
		{F26031F6-8544-4E62-A3BF-7EF378FF032C}.Debug|x64.Build.0 = Debug|x64
		{F26031F6-8544-4E62-A3BF-7EF378FF032C}.Debug|x86.ActiveCfg = Debug|Win32
		{F26031F6-8544-4E62-A3BF-7EF378FF032C}.Debug|x86.Build.0 = Debug|Win32
		{F26031F6-8544-4E62-A3BF-7EF378FF032C}.Release|x64.ActiveCfg = Release|x64
		{F26031F6-8544-4E62-A3BF-7EF378FF032C}.Release|x64.Build.0 = Release|x64
		{F26031F6-8544-4E62-A3BF-7EF378FF032C}.Release|x86.ActiveCfg = Release|Win32
		{F26031F6-8544-4E62-A3BF-7EF378FF032C}.Release|x86.Build.0 = Release|Win32
		{009B0DD7-FCCC-4844-AA82-0259BB61692E}.Debug|x64.ActiveCfg = Debug|x64
		{009B0DD7-FCCC-4844-AA82-0259BB61692E}.Debug|x64.Build.0 = Debug|x64
		{009B0DD7-FCCC-4844-AA82-0259BB61692E}.Debug|x86.ActiveCfg = Debug|Win32
		{009B0DD7-FCCC-4844-AA82-0259BB61692E}.Debug|x86.Build.0 = Debug|Win32
		{009B0DD7-FCCC-4844-AA82-0259BB61692E}.Release|x64.ActiveCfg = Release|x64
		{009B0DD7-FCCC-4844-AA82-0259BB61692E}.Release|x64.Build.0 = Release|x64
		{009B0DD7-FCCC-4844-AA82-0259BB61692E}.Release|x86.ActiveCfg = Release|Win32
		{009B0DD7-FCCC-4844-AA82-0259BB61692E}.Release|x86.Build.0 = Release|Win32
		{7B9BECA2-8073-4A8A-989B-E47F12C40A0B}.Debug|x64.ActiveCfg = Debug|x64
		{7B9BECA2-8073-4A8A-989B-E47F12C40A0B}.Debug|x64.Build.0 = Debug|x64
		{7B9BECA2-8073-4A8A-989B-E47F12C40A0B}.Debug|x86.ActiveCfg = Debug|Win32
		{7B9BECA2-8073-4A8A-989B-E47F12C40A0B}.Debug|x86.Build.0 = Debug|Win32
		{7B9BECA2-8073-4A8A-989B-E47F12C40A0B}.Release|x64.ActiveCfg = Release|x64
		{7B9BECA2-8073-4A8A-989B-E47F12C40A0B}.Release|x64.Build.0 = Release|x64
		{7B9BECA2-8073-4A8A-989B-E47F12C40A0B}.Release|x86.ActiveCfg = Release|Win32
		{7B9BECA2-8073-4A8A-989B-E47F12C40A0B}.Release|x86.Build.0 = Release|Win32
		{A8DC892E-5391-4C7B-9105-B446AA901D9C}.Debug|x64.ActiveCfg = Debug|x64
		{A8DC892E-5391-4C7B-9105-B446AA901D9C}.Debug|x64.Build.0 = Debug|x64
		{A8DC892E-5391-4C7B-9105-B446AA901D9C}.Debug|x86.ActiveCfg = Debug|Win32
		{A8DC892E-5391-4C7B-9105-B446AA901D9C}.Debug|x86.Build.0 = Debug|Win32
		{A8DC892E-5391-4C7B-9105-B446AA901D9C}.Release|x64.ActiveCfg = Release|x64
		{A8DC892E-5391-4C7B-9105-B446AA901D9C}.Release|x64.Build.0 = Release|x64
		{A8DC892E-5391-4C7B-9105-B446AA901D9C}.Release|x86.ActiveCfg = Release|Win32
		{A8DC892E-5391-4C7B-9105-B446AA901D9C}.Release|x86.Build.0 = Release|Win32
		{F1735813-8A04-4AD8-8268-236B89CDE28B}.Debug|x64.ActiveCfg = Debug|x64
		{F1735813-8A04-4AD8-8268-236B89CDE28B}.Debug|x64.Build.0 = Debug|x64
		{F1735813-8A04-4AD8-8268-236B89CDE28B}.Debug|x86.ActiveCfg = Debug|Win32
		{F1735813-8A04-4AD8-8268-236B89CDE28B}.Debug|x86.Build.0 = Debug|Win32
		{F1735813-8A04-4AD8-8268-236B89CDE28B}.Release|x64.ActiveCfg = Release|x64
		{F1735813-8A04-4AD8-8268-236B89CDE28B}.Release|x64.Build.0 = Release|x64
		{F1735813-8A04-4AD8-8268-236B89CDE28B}.Release|x86.ActiveCfg = Release|Win32
		{F1735813-8A04-4AD8-8268-236B89CDE28B}.Release|x86.Build.0 = Release|Win32
		{ECB440E4-3851-4BAF-BE01-1C41864DFE91}.Debug|x64.ActiveCfg = Debug|x64
		{ECB440E4-3851-4BAF-BE01-1C41864DFE91}.Debug|x64.Build.0 = Debug|x64
		{ECB440E4-3851-4BAF-BE01-1C41864DFE91}.Debug|x86.ActiveCfg = Debug|Win32
		{ECB440E4-3851-4BAF-BE01-1C41864DFE91}.Debug|x86.Build.0 = Debug|Win32
		{ECB440E4-3851-4BAF-BE01-1C41864DFE91}.Release|x64.ActiveCfg = Release|x64
		{ECB440E4-3851-4BAF-BE01-1C41864DFE91}.Release|x64.Build.0 = Release|x64
		{ECB440E4-3851-4BAF-BE01-1C41864DFE91}.Release|x86.ActiveCfg = Release|Win32
		{ECB440E4-3851-4BAF-BE01-1C41864DFE91}.Release|x86.Build.0 = Release|Win32
		{1914B6AF-6856-4A83-BEEE-9BE7578A07CC}.Debug|x64.ActiveCfg = Debug|x64
		{1914B6AF-6856-4A83-BEEE-9BE7578A07CC}.Debug|x64.Build.0 = Debug|x64
		{1914B6AF-6856-4A83-BEEE-9BE7578A07CC}.Debug|x86.ActiveCfg = Debug|Win32
		{1914B6AF-6856-4A83-BEEE-9BE7578A07CC}.Debug|x86.Build.0 = Debug|Win32
		{1914B6AF-6856-4A83-BEEE-9BE7578A07CC}.Release|x64.ActiveCfg = Release|x64
		{1914B6AF-6856-4A83-BEEE-9BE7578A07CC}.Release|x64.Build.0 = Release|x64
		{1914B6AF-6856-4A83-BEEE-9BE7578A07CC}.Release|x86.ActiveCfg = Release|Win32
		{1914B6AF-6856-4A83-BEEE-9BE7578A07CC}.Release|x86.Build.0 = Release|Win32
		{5093035B-D05F-45B1-A774-932F6ACC1D69}.Debug|x64.ActiveCfg = Debug|x64
		{5093035B-D05F-45B1-A774-932F6ACC1D69}.Debug|x64.Build.0 = Debug|x64
		{5093035B-D05F-45B1-A774-932F6ACC1D69}.Debug|x86.ActiveCfg = Debug|Win32
		{5093035B-D05F-45B1-A774-932F6ACC1D69}.Debug|x86.Build.0 = Debug|Win32
		{5093035B-D05F-45B1-A774-932F6ACC1D69}.Release|x64.ActiveCfg = Release|x64
		{5093035B-D05F-45B1-A774-932F6ACC1D69}.Release|x64.Build.0 = Release|x64
		{5093035B-D05F-45B1-A774-932F6ACC1D69}.Release|x86.ActiveCfg = Release|Win32
		{5093035B-D05F-45B1-A774-932F6ACC1D69}.Release|x86.Build.0 = Release|Win32
	EndGlobalSection
	GlobalSection(SolutionProperties) = preSolution
		HideSolutionNode = FALSE
	EndGlobalSection
	GlobalSection(ExtensibilityGlobals) = postSolution
		SolutionGuid = {AFC890F9-B8E1-4767-B426-E9D5339E7BE6}
	EndGlobalSection
EndGlobal
