
Microsoft Visual Studio Solution File, Format Version 12.00
# Visual Studio Version 16
VisualStudioVersion = 16.0.29911.84
MinimumVisualStudioVersion = 10.0.40219.1
Project("{8BC9CEB8-8B4A-11D0-8D11-00A0C91BC942}") = "LabProject00", "LabProject00\LabProject00.vcxproj", "{0B643F8E-1FC7-4EC5-8690-42E8FD89ED74}"
EndProject
Project("{8BC9CEB8-8B4A-11D0-8D11-00A0C91BC942}") = "LabProject02", "LabProject02\LabProject02.vcxproj", "{945AD062-B62F-4E9D-98A1-E347D0DDA847}"
EndProject
Project("{8BC9CEB8-8B4A-11D0-8D11-00A0C91BC942}") = "LabProject02-1", "LabProject02-1\LabProject02-1.vcxproj", "{8663FAC2-24B3-4BAA-B718-642194F1C5CC}"
EndProject
Project("{8BC9CEB8-8B4A-11D0-8D11-00A0C91BC942}") = "LabProject01", "LabProject01\LabProject.vcxproj", "{EE18299B-05F9-4236-8D11-55BEA6E6E8FE}"
EndProject
Project("{8BC9CEB8-8B4A-11D0-8D11-00A0C91BC942}") = "LabProject03", "LabProject03\LabProject03.vcxproj", "{EFFCBC13-2928-4717-A75D-CFB01802808A}"
EndProject
Project("{8BC9CEB8-8B4A-11D0-8D11-00A0C91BC942}") = "LabProject04", "LabProject04\LabProject04.vcxproj", "{AA70B8D6-420E-47B0-9410-C5632493E001}"
EndProject
Project("{8BC9CEB8-8B4A-11D0-8D11-00A0C91BC942}") = "LabProject05", "LabProject05\LabProject05.vcxproj", "{01AA8E53-4FD5-490A-91F9-F64B891DBBE6}"
EndProject
Project("{8BC9CEB8-8B4A-11D0-8D11-00A0C91BC942}") = "LabProject06", "LabProject06\LabProject06.vcxproj", "{2DFE8353-C82D-4F1C-ACB4-89D49E95A86B}"
EndProject
Project("{8BC9CEB8-8B4A-11D0-8D11-00A0C91BC942}") = "LabProject07", "LabProject07\LabProject07.vcxproj", "{10B0AB0F-E651-4315-8063-F1348C7CCAB1}"
EndProject
Global
	GlobalSection(SolutionConfigurationPlatforms) = preSolution
		Debug|x64 = Debug|x64
		Debug|x86 = Debug|x86
		Release|x64 = Release|x64
		Release|x86 = Release|x86
	EndGlobalSection
	GlobalSection(ProjectConfigurationPlatforms) = postSolution
		{0B643F8E-1FC7-4EC5-8690-42E8FD89ED74}.Debug|x64.ActiveCfg = Debug|x64
		{0B643F8E-1FC7-4EC5-8690-42E8FD89ED74}.Debug|x64.Build.0 = Debug|x64
		{0B643F8E-1FC7-4EC5-8690-42E8FD89ED74}.Debug|x86.ActiveCfg = Debug|Win32
		{0B643F8E-1FC7-4EC5-8690-42E8FD89ED74}.Debug|x86.Build.0 = Debug|Win32
		{0B643F8E-1FC7-4EC5-8690-42E8FD89ED74}.Release|x64.ActiveCfg = Release|x64
		{0B643F8E-1FC7-4EC5-8690-42E8FD89ED74}.Release|x64.Build.0 = Release|x64
		{0B643F8E-1FC7-4EC5-8690-42E8FD89ED74}.Release|x86.ActiveCfg = Release|Win32
		{0B643F8E-1FC7-4EC5-8690-42E8FD89ED74}.Release|x86.Build.0 = Release|Win32
		{945AD062-B62F-4E9D-98A1-E347D0DDA847}.Debug|x64.ActiveCfg = Debug|x64
		{945AD062-B62F-4E9D-98A1-E347D0DDA847}.Debug|x64.Build.0 = Debug|x64
		{945AD062-B62F-4E9D-98A1-E347D0DDA847}.Debug|x86.ActiveCfg = Debug|Win32
		{945AD062-B62F-4E9D-98A1-E347D0DDA847}.Debug|x86.Build.0 = Debug|Win32
		{945AD062-B62F-4E9D-98A1-E347D0DDA847}.Release|x64.ActiveCfg = Release|x64
		{945AD062-B62F-4E9D-98A1-E347D0DDA847}.Release|x64.Build.0 = Release|x64
		{945AD062-B62F-4E9D-98A1-E347D0DDA847}.Release|x86.ActiveCfg = Release|Win32
		{945AD062-B62F-4E9D-98A1-E347D0DDA847}.Release|x86.Build.0 = Release|Win32
		{8663FAC2-24B3-4BAA-B718-642194F1C5CC}.Debug|x64.ActiveCfg = Debug|x64
		{8663FAC2-24B3-4BAA-B718-642194F1C5CC}.Debug|x64.Build.0 = Debug|x64
		{8663FAC2-24B3-4BAA-B718-642194F1C5CC}.Debug|x86.ActiveCfg = Debug|Win32
		{8663FAC2-24B3-4BAA-B718-642194F1C5CC}.Debug|x86.Build.0 = Debug|Win32
		{8663FAC2-24B3-4BAA-B718-642194F1C5CC}.Release|x64.ActiveCfg = Release|x64
		{8663FAC2-24B3-4BAA-B718-642194F1C5CC}.Release|x64.Build.0 = Release|x64
		{8663FAC2-24B3-4BAA-B718-642194F1C5CC}.Release|x86.ActiveCfg = Release|Win32
		{8663FAC2-24B3-4BAA-B718-642194F1C5CC}.Release|x86.Build.0 = Release|Win32
		{EE18299B-05F9-4236-8D11-55BEA6E6E8FE}.Debug|x64.ActiveCfg = Debug|x64
		{EE18299B-05F9-4236-8D11-55BEA6E6E8FE}.Debug|x64.Build.0 = Debug|x64
		{EE18299B-05F9-4236-8D11-55BEA6E6E8FE}.Debug|x86.ActiveCfg = Debug|Win32
		{EE18299B-05F9-4236-8D11-55BEA6E6E8FE}.Debug|x86.Build.0 = Debug|Win32
		{EE18299B-05F9-4236-8D11-55BEA6E6E8FE}.Release|x64.ActiveCfg = Release|x64
		{EE18299B-05F9-4236-8D11-55BEA6E6E8FE}.Release|x64.Build.0 = Release|x64
		{EE18299B-05F9-4236-8D11-55BEA6E6E8FE}.Release|x86.ActiveCfg = Release|Win32
		{EE18299B-05F9-4236-8D11-55BEA6E6E8FE}.Release|x86.Build.0 = Release|Win32
		{EFFCBC13-2928-4717-A75D-CFB01802808A}.Debug|x64.ActiveCfg = Debug|x64
		{EFFCBC13-2928-4717-A75D-CFB01802808A}.Debug|x64.Build.0 = Debug|x64
		{EFFCBC13-2928-4717-A75D-CFB01802808A}.Debug|x86.ActiveCfg = Debug|Win32
		{EFFCBC13-2928-4717-A75D-CFB01802808A}.Debug|x86.Build.0 = Debug|Win32
		{EFFCBC13-2928-4717-A75D-CFB01802808A}.Release|x64.ActiveCfg = Release|x64
		{EFFCBC13-2928-4717-A75D-CFB01802808A}.Release|x64.Build.0 = Release|x64
		{EFFCBC13-2928-4717-A75D-CFB01802808A}.Release|x86.ActiveCfg = Release|Win32
		{EFFCBC13-2928-4717-A75D-CFB01802808A}.Release|x86.Build.0 = Release|Win32
		{AA70B8D6-420E-47B0-9410-C5632493E001}.Debug|x64.ActiveCfg = Debug|x64
		{AA70B8D6-420E-47B0-9410-C5632493E001}.Debug|x64.Build.0 = Debug|x64
		{AA70B8D6-420E-47B0-9410-C5632493E001}.Debug|x86.ActiveCfg = Debug|Win32
		{AA70B8D6-420E-47B0-9410-C5632493E001}.Debug|x86.Build.0 = Debug|Win32
		{AA70B8D6-420E-47B0-9410-C5632493E001}.Release|x64.ActiveCfg = Release|x64
		{AA70B8D6-420E-47B0-9410-C5632493E001}.Release|x64.Build.0 = Release|x64
		{AA70B8D6-420E-47B0-9410-C5632493E001}.Release|x86.ActiveCfg = Release|Win32
		{AA70B8D6-420E-47B0-9410-C5632493E001}.Release|x86.Build.0 = Release|Win32
		{01AA8E53-4FD5-490A-91F9-F64B891DBBE6}.Debug|x64.ActiveCfg = Debug|x64
		{01AA8E53-4FD5-490A-91F9-F64B891DBBE6}.Debug|x64.Build.0 = Debug|x64
		{01AA8E53-4FD5-490A-91F9-F64B891DBBE6}.Debug|x86.ActiveCfg = Debug|Win32
		{01AA8E53-4FD5-490A-91F9-F64B891DBBE6}.Debug|x86.Build.0 = Debug|Win32
		{01AA8E53-4FD5-490A-91F9-F64B891DBBE6}.Release|x64.ActiveCfg = Release|x64
		{01AA8E53-4FD5-490A-91F9-F64B891DBBE6}.Release|x64.Build.0 = Release|x64
		{01AA8E53-4FD5-490A-91F9-F64B891DBBE6}.Release|x86.ActiveCfg = Release|Win32
		{01AA8E53-4FD5-490A-91F9-F64B891DBBE6}.Release|x86.Build.0 = Release|Win32
		{2DFE8353-C82D-4F1C-ACB4-89D49E95A86B}.Debug|x64.ActiveCfg = Debug|x64
		{2DFE8353-C82D-4F1C-ACB4-89D49E95A86B}.Debug|x64.Build.0 = Debug|x64
		{2DFE8353-C82D-4F1C-ACB4-89D49E95A86B}.Debug|x86.ActiveCfg = Debug|Win32
		{2DFE8353-C82D-4F1C-ACB4-89D49E95A86B}.Debug|x86.Build.0 = Debug|Win32
		{2DFE8353-C82D-4F1C-ACB4-89D49E95A86B}.Release|x64.ActiveCfg = Release|x64
		{2DFE8353-C82D-4F1C-ACB4-89D49E95A86B}.Release|x64.Build.0 = Release|x64
		{2DFE8353-C82D-4F1C-ACB4-89D49E95A86B}.Release|x86.ActiveCfg = Release|Win32
		{2DFE8353-C82D-4F1C-ACB4-89D49E95A86B}.Release|x86.Build.0 = Release|Win32
		{10B0AB0F-E651-4315-8063-F1348C7CCAB1}.Debug|x64.ActiveCfg = Debug|x64
		{10B0AB0F-E651-4315-8063-F1348C7CCAB1}.Debug|x64.Build.0 = Debug|x64
		{10B0AB0F-E651-4315-8063-F1348C7CCAB1}.Debug|x86.ActiveCfg = Debug|Win32
		{10B0AB0F-E651-4315-8063-F1348C7CCAB1}.Debug|x86.Build.0 = Debug|Win32
		{10B0AB0F-E651-4315-8063-F1348C7CCAB1}.Release|x64.ActiveCfg = Release|x64
		{10B0AB0F-E651-4315-8063-F1348C7CCAB1}.Release|x64.Build.0 = Release|x64
		{10B0AB0F-E651-4315-8063-F1348C7CCAB1}.Release|x86.ActiveCfg = Release|Win32
		{10B0AB0F-E651-4315-8063-F1348C7CCAB1}.Release|x86.Build.0 = Release|Win32
	EndGlobalSection
	GlobalSection(SolutionProperties) = preSolution
		HideSolutionNode = FALSE
	EndGlobalSection
	GlobalSection(ExtensibilityGlobals) = postSolution
		SolutionGuid = {AFC890F9-B8E1-4767-B426-E9D5339E7BE6}
	EndGlobalSection
EndGlobal
